
Microsoft Visual Studio Solution File, Format Version 12.00
# Visual Studio Version 17
VisualStudioVersion = 17.4.33205.214
MinimumVisualStudioVersion = 10.0.40219.1
Project("{2150E333-8FDC-42A3-9474-1A3956D46DE8}") = "src", "src", "{891F5167-DF98-4E9A-962C-84867D01186F}"
EndProject
Project("{2150E333-8FDC-42A3-9474-1A3956D46DE8}") = "Building Block", "Building Block", "{F8607F22-5688-4527-8A3F-57D770463C52}"
EndProject
Project("{2150E333-8FDC-42A3-9474-1A3956D46DE8}") = "Services", "Services", "{1EF7A9EB-78AE-423A-BCF1-7E85F8E4083E}"
EndProject
Project("{2150E333-8FDC-42A3-9474-1A3956D46DE8}") = "Web", "Web", "{4FD6C445-2269-488D-8194-B72C40A7BE22}"
EndProject
Project("{2150E333-8FDC-42A3-9474-1A3956D46DE8}") = "Identity", "Identity", "{D6EA5A98-EFA4-4B2A-82FC-B6A42DA98B00}"
EndProject
Project("{2150E333-8FDC-42A3-9474-1A3956D46DE8}") = "MVC", "MVC", "{A23850B9-4519-4AB6-B4F0-9351D9E7EE49}"
EndProject
Project("{2150E333-8FDC-42A3-9474-1A3956D46DE8}") = "Catalog", "Catalog", "{B311CFF8-F3AE-4691-AFF4-B795372BA3E5}"
EndProject
Project("{2150E333-8FDC-42A3-9474-1A3956D46DE8}") = "Client", "Client", "{FFB9F53F-CE98-4757-9511-B490B38AB896}"
EndProject
Project("{2150E333-8FDC-42A3-9474-1A3956D46DE8}") = "Payment", "Payment", "{DFD175E2-F4E7-40BD-978D-A1274ED24039}"
EndProject
Project("{2150E333-8FDC-42A3-9474-1A3956D46DE8}") = "Order", "Order", "{496EFD3B-C233-4086-B0CE-3D047B333DE8}"
EndProject
Project("{2150E333-8FDC-42A3-9474-1A3956D46DE8}") = "Cart", "Cart", "{4C59ACE5-6448-4926-8FDD-9633945C1F43}"
EndProject
Project("{9A19103F-16F7-4668-BE54-9A1E7A4F7556}") = "NSE.Cart.API", "src\services\NSE.Cart.API\NSE.Cart.API.csproj", "{D1A1E169-29D6-43F5-B082-CC66A61515D0}"
EndProject
Project("{9A19103F-16F7-4668-BE54-9A1E7A4F7556}") = "NSE.Catalog.API", "src\services\NSE.Catalog.API\NSE.Catalog.API.csproj", "{8A6E69FD-C205-4180-B08E-A73A2C077DBB}"
EndProject
Project("{9A19103F-16F7-4668-BE54-9A1E7A4F7556}") = "NSE.Client.API", "src\services\NSE.Client.API\NSE.Client.API.csproj", "{E049D2EE-937B-489B-B276-90D97C9283E3}"
EndProject
Project("{9A19103F-16F7-4668-BE54-9A1E7A4F7556}") = "NSE.Order.API", "src\services\NSE.Order.API\NSE.Order.API.csproj", "{CA571F30-51A2-4845-907C-8BF2992D9FD4}"
EndProject
Project("{9A19103F-16F7-4668-BE54-9A1E7A4F7556}") = "NSE.Payment.API", "src\services\NSE.Payment.API\NSE.Payment.API.csproj", "{1ED187CE-DED6-4F12-B3C0-86CF6C871E46}"
EndProject
Project("{9A19103F-16F7-4668-BE54-9A1E7A4F7556}") = "NSE.WebApp.MVC", "src\web\NSE.WebApp.MVC\NSE.WebApp.MVC.csproj", "{FCD2131D-B38A-46DE-A48F-4317B0E1D7A2}"
EndProject
Project("{9A19103F-16F7-4668-BE54-9A1E7A4F7556}") = "NSE.Identity.API", "src\services\NSE.Identity.API\NSE.Identity.API.csproj", "{80232F3A-B4B8-4C00-8D35-6F50EC074C2B}"
EndProject
Global
	GlobalSection(SolutionConfigurationPlatforms) = preSolution
		Debug|Any CPU = Debug|Any CPU
		Release|Any CPU = Release|Any CPU
	EndGlobalSection
	GlobalSection(ProjectConfigurationPlatforms) = postSolution
		{D1A1E169-29D6-43F5-B082-CC66A61515D0}.Debug|Any CPU.ActiveCfg = Debug|Any CPU
		{D1A1E169-29D6-43F5-B082-CC66A61515D0}.Debug|Any CPU.Build.0 = Debug|Any CPU
		{D1A1E169-29D6-43F5-B082-CC66A61515D0}.Release|Any CPU.ActiveCfg = Release|Any CPU
		{D1A1E169-29D6-43F5-B082-CC66A61515D0}.Release|Any CPU.Build.0 = Release|Any CPU
		{8A6E69FD-C205-4180-B08E-A73A2C077DBB}.Debug|Any CPU.ActiveCfg = Debug|Any CPU
		{8A6E69FD-C205-4180-B08E-A73A2C077DBB}.Debug|Any CPU.Build.0 = Debug|Any CPU
		{8A6E69FD-C205-4180-B08E-A73A2C077DBB}.Release|Any CPU.ActiveCfg = Release|Any CPU
		{8A6E69FD-C205-4180-B08E-A73A2C077DBB}.Release|Any CPU.Build.0 = Release|Any CPU
		{E049D2EE-937B-489B-B276-90D97C9283E3}.Debug|Any CPU.ActiveCfg = Debug|Any CPU
		{E049D2EE-937B-489B-B276-90D97C9283E3}.Debug|Any CPU.Build.0 = Debug|Any CPU
		{E049D2EE-937B-489B-B276-90D97C9283E3}.Release|Any CPU.ActiveCfg = Release|Any CPU
		{E049D2EE-937B-489B-B276-90D97C9283E3}.Release|Any CPU.Build.0 = Release|Any CPU
		{CA571F30-51A2-4845-907C-8BF2992D9FD4}.Debug|Any CPU.ActiveCfg = Debug|Any CPU
		{CA571F30-51A2-4845-907C-8BF2992D9FD4}.Debug|Any CPU.Build.0 = Debug|Any CPU
		{CA571F30-51A2-4845-907C-8BF2992D9FD4}.Release|Any CPU.ActiveCfg = Release|Any CPU
		{CA571F30-51A2-4845-907C-8BF2992D9FD4}.Release|Any CPU.Build.0 = Release|Any CPU
		{1ED187CE-DED6-4F12-B3C0-86CF6C871E46}.Debug|Any CPU.ActiveCfg = Debug|Any CPU
		{1ED187CE-DED6-4F12-B3C0-86CF6C871E46}.Debug|Any CPU.Build.0 = Debug|Any CPU
		{1ED187CE-DED6-4F12-B3C0-86CF6C871E46}.Release|Any CPU.ActiveCfg = Release|Any CPU
		{1ED187CE-DED6-4F12-B3C0-86CF6C871E46}.Release|Any CPU.Build.0 = Release|Any CPU
		{FCD2131D-B38A-46DE-A48F-4317B0E1D7A2}.Debug|Any CPU.ActiveCfg = Debug|Any CPU
		{FCD2131D-B38A-46DE-A48F-4317B0E1D7A2}.Debug|Any CPU.Build.0 = Debug|Any CPU
		{FCD2131D-B38A-46DE-A48F-4317B0E1D7A2}.Release|Any CPU.ActiveCfg = Release|Any CPU
		{FCD2131D-B38A-46DE-A48F-4317B0E1D7A2}.Release|Any CPU.Build.0 = Release|Any CPU
		{80232F3A-B4B8-4C00-8D35-6F50EC074C2B}.Debug|Any CPU.ActiveCfg = Debug|Any CPU
		{80232F3A-B4B8-4C00-8D35-6F50EC074C2B}.Debug|Any CPU.Build.0 = Debug|Any CPU
		{80232F3A-B4B8-4C00-8D35-6F50EC074C2B}.Release|Any CPU.ActiveCfg = Release|Any CPU
		{80232F3A-B4B8-4C00-8D35-6F50EC074C2B}.Release|Any CPU.Build.0 = Release|Any CPU
	EndGlobalSection
	GlobalSection(SolutionProperties) = preSolution
		HideSolutionNode = FALSE
	EndGlobalSection
	GlobalSection(NestedProjects) = preSolution
		{F8607F22-5688-4527-8A3F-57D770463C52} = {891F5167-DF98-4E9A-962C-84867D01186F}
		{1EF7A9EB-78AE-423A-BCF1-7E85F8E4083E} = {891F5167-DF98-4E9A-962C-84867D01186F}
		{4FD6C445-2269-488D-8194-B72C40A7BE22} = {891F5167-DF98-4E9A-962C-84867D01186F}
		{D6EA5A98-EFA4-4B2A-82FC-B6A42DA98B00} = {1EF7A9EB-78AE-423A-BCF1-7E85F8E4083E}
		{A23850B9-4519-4AB6-B4F0-9351D9E7EE49} = {4FD6C445-2269-488D-8194-B72C40A7BE22}
		{B311CFF8-F3AE-4691-AFF4-B795372BA3E5} = {1EF7A9EB-78AE-423A-BCF1-7E85F8E4083E}
		{FFB9F53F-CE98-4757-9511-B490B38AB896} = {1EF7A9EB-78AE-423A-BCF1-7E85F8E4083E}
		{DFD175E2-F4E7-40BD-978D-A1274ED24039} = {1EF7A9EB-78AE-423A-BCF1-7E85F8E4083E}
		{496EFD3B-C233-4086-B0CE-3D047B333DE8} = {1EF7A9EB-78AE-423A-BCF1-7E85F8E4083E}
		{4C59ACE5-6448-4926-8FDD-9633945C1F43} = {1EF7A9EB-78AE-423A-BCF1-7E85F8E4083E}
		{D1A1E169-29D6-43F5-B082-CC66A61515D0} = {4C59ACE5-6448-4926-8FDD-9633945C1F43}
		{8A6E69FD-C205-4180-B08E-A73A2C077DBB} = {B311CFF8-F3AE-4691-AFF4-B795372BA3E5}
		{E049D2EE-937B-489B-B276-90D97C9283E3} = {FFB9F53F-CE98-4757-9511-B490B38AB896}
		{CA571F30-51A2-4845-907C-8BF2992D9FD4} = {496EFD3B-C233-4086-B0CE-3D047B333DE8}
		{1ED187CE-DED6-4F12-B3C0-86CF6C871E46} = {DFD175E2-F4E7-40BD-978D-A1274ED24039}
		{FCD2131D-B38A-46DE-A48F-4317B0E1D7A2} = {A23850B9-4519-4AB6-B4F0-9351D9E7EE49}
		{80232F3A-B4B8-4C00-8D35-6F50EC074C2B} = {D6EA5A98-EFA4-4B2A-82FC-B6A42DA98B00}
	EndGlobalSection
	GlobalSection(ExtensibilityGlobals) = postSolution
		SolutionGuid = {754BD525-B03A-4645-8794-D5E7E096B8EF}
	EndGlobalSection
EndGlobal
